
Microsoft Visual Studio Solution File, Format Version 12.00
# Visual Studio Version 17
VisualStudioVersion = 17.12.35707.178
MinimumVisualStudioVersion = 10.0.40219.1
Project("{FAE04EC0-301F-11D3-BF4B-00C04F79EFBC}") = "01_MainSubjects", "01_MainSubjects\01_MainSubjects.csproj", "{EA26D9DE-06C7-4CC1-8558-22B08941B4C5}"
EndProject
Project("{FAE04EC0-301F-11D3-BF4B-00C04F79EFBC}") = "02_Variables", "02_Veriables\02_Variables.csproj", "{8285AFA6-A8A8-4B96-843E-5467B442B46D}"
EndProject
Project("{FAE04EC0-301F-11D3-BF4B-00C04F79EFBC}") = "03_MakingDecision", "03_MakingDecision\03_MakingDecision.csproj", "{854359DD-3C1E-4DFE-8AA8-56C4DBAED803}"
EndProject
Project("{FAE04EC0-301F-11D3-BF4B-00C04F79EFBC}") = "04_Loops", "04_Loops\04_Loops.csproj", "{846B1092-32C7-4938-A6FA-7C01BC8D6375}"
EndProject
Project("{FAE04EC0-301F-11D3-BF4B-00C04F79EFBC}") = "05_LoopsWithStars", "05_LoopsWithStars\05_LoopsWithStars.csproj", "{848C14C4-F273-4631-9C01-BFB2EA5357FB}"
EndProject
Global
	GlobalSection(SolutionConfigurationPlatforms) = preSolution
		Debug|Any CPU = Debug|Any CPU
		Release|Any CPU = Release|Any CPU
	EndGlobalSection
	GlobalSection(ProjectConfigurationPlatforms) = postSolution
		{EA26D9DE-06C7-4CC1-8558-22B08941B4C5}.Debug|Any CPU.ActiveCfg = Debug|Any CPU
		{EA26D9DE-06C7-4CC1-8558-22B08941B4C5}.Debug|Any CPU.Build.0 = Debug|Any CPU
		{EA26D9DE-06C7-4CC1-8558-22B08941B4C5}.Release|Any CPU.ActiveCfg = Release|Any CPU
		{EA26D9DE-06C7-4CC1-8558-22B08941B4C5}.Release|Any CPU.Build.0 = Release|Any CPU
		{8285AFA6-A8A8-4B96-843E-5467B442B46D}.Debug|Any CPU.ActiveCfg = Debug|Any CPU
		{8285AFA6-A8A8-4B96-843E-5467B442B46D}.Debug|Any CPU.Build.0 = Debug|Any CPU
		{8285AFA6-A8A8-4B96-843E-5467B442B46D}.Release|Any CPU.ActiveCfg = Release|Any CPU
		{8285AFA6-A8A8-4B96-843E-5467B442B46D}.Release|Any CPU.Build.0 = Release|Any CPU
		{854359DD-3C1E-4DFE-8AA8-56C4DBAED803}.Debug|Any CPU.ActiveCfg = Debug|Any CPU
		{854359DD-3C1E-4DFE-8AA8-56C4DBAED803}.Debug|Any CPU.Build.0 = Debug|Any CPU
		{854359DD-3C1E-4DFE-8AA8-56C4DBAED803}.Release|Any CPU.ActiveCfg = Release|Any CPU
		{854359DD-3C1E-4DFE-8AA8-56C4DBAED803}.Release|Any CPU.Build.0 = Release|Any CPU
		{846B1092-32C7-4938-A6FA-7C01BC8D6375}.Debug|Any CPU.ActiveCfg = Debug|Any CPU
		{846B1092-32C7-4938-A6FA-7C01BC8D6375}.Debug|Any CPU.Build.0 = Debug|Any CPU
		{846B1092-32C7-4938-A6FA-7C01BC8D6375}.Release|Any CPU.ActiveCfg = Release|Any CPU
		{846B1092-32C7-4938-A6FA-7C01BC8D6375}.Release|Any CPU.Build.0 = Release|Any CPU
		{848C14C4-F273-4631-9C01-BFB2EA5357FB}.Debug|Any CPU.ActiveCfg = Debug|Any CPU
		{848C14C4-F273-4631-9C01-BFB2EA5357FB}.Debug|Any CPU.Build.0 = Debug|Any CPU
		{848C14C4-F273-4631-9C01-BFB2EA5357FB}.Release|Any CPU.ActiveCfg = Release|Any CPU
		{848C14C4-F273-4631-9C01-BFB2EA5357FB}.Release|Any CPU.Build.0 = Release|Any CPU
	EndGlobalSection
	GlobalSection(SolutionProperties) = preSolution
		HideSolutionNode = FALSE
	EndGlobalSection
EndGlobal
